
Microsoft Visual Studio Solution File, Format Version 12.00
# Visual Studio Version 17
VisualStudioVersion = 17.8.34525.116
MinimumVisualStudioVersion = 10.0.40219.1
Project("{9A19103F-16F7-4668-BE54-9A1E7A4F7556}") = "SampleApp", "SampleApp\SampleApp.csproj", "{2883F228-8193-48ED-B6EB-4CB37975EE49}"
	ProjectSection(ProjectDependencies) = postProject
		{7F1097FC-6D19-4DA7-814E-5CCECDD36ED8} = {7F1097FC-6D19-4DA7-814E-5CCECDD36ED8}
	EndProjectSection
EndProject
Project("{9A19103F-16F7-4668-BE54-9A1E7A4F7556}") = "BlazorTUI", "BlazorTUI\BlazorTUI.csproj", "{7F1097FC-6D19-4DA7-814E-5CCECDD36ED8}"
EndProject
Global
	GlobalSection(SolutionConfigurationPlatforms) = preSolution
		Debug|Any CPU = Debug|Any CPU
		Release|Any CPU = Release|Any CPU
	EndGlobalSection
	GlobalSection(ProjectConfigurationPlatforms) = postSolution
		{2883F228-8193-48ED-B6EB-4CB37975EE49}.Debug|Any CPU.ActiveCfg = Debug|Any CPU
		{2883F228-8193-48ED-B6EB-4CB37975EE49}.Debug|Any CPU.Build.0 = Debug|Any CPU
		{2883F228-8193-48ED-B6EB-4CB37975EE49}.Release|Any CPU.ActiveCfg = Release|Any CPU
		{2883F228-8193-48ED-B6EB-4CB37975EE49}.Release|Any CPU.Build.0 = Release|Any CPU
		{7F1097FC-6D19-4DA7-814E-5CCECDD36ED8}.Debug|Any CPU.ActiveCfg = Debug|Any CPU
		{7F1097FC-6D19-4DA7-814E-5CCECDD36ED8}.Debug|Any CPU.Build.0 = Debug|Any CPU
		{7F1097FC-6D19-4DA7-814E-5CCECDD36ED8}.Release|Any CPU.ActiveCfg = Release|Any CPU
		{7F1097FC-6D19-4DA7-814E-5CCECDD36ED8}.Release|Any CPU.Build.0 = Release|Any CPU
	EndGlobalSection
	GlobalSection(SolutionProperties) = preSolution
		HideSolutionNode = FALSE
	EndGlobalSection
	GlobalSection(ExtensibilityGlobals) = postSolution
		SolutionGuid = {64D45BC1-D7F8-4C75-9F65-EB7604BD149A}
	EndGlobalSection
EndGlobal
